
Microsoft Visual Studio Solution File, Format Version 12.00
# Visual Studio Version 16
VisualStudioVersion = 16.0.30524.135
MinimumVisualStudioVersion = 10.0.40219.1
Project("{FAE04EC0-301F-11D3-BF4B-00C04F79EFBC}") = "PlannerApp.Client", "PlannerApp.Client\PlannerApp.Client.csproj", "{146B1D33-2A39-473C-86FA-57A174A9D1A8}"
EndProject
Project("{FAE04EC0-301F-11D3-BF4B-00C04F79EFBC}") = "PlannerApp.Shared", "PlannerApp.Shared\PlannerApp.Shared.csproj", "{1572A626-5BCB-46B9-A7F0-B1F27CA2A1A5}"
EndProject
Project("{FAE04EC0-301F-11D3-BF4B-00C04F79EFBC}") = "PlannerApp.API", "PlannerApp.API\PlannerApp.API.csproj", "{AA25935E-E73F-4488-9154-F096D736B33D}"
EndProject
Global
	GlobalSection(SolutionConfigurationPlatforms) = preSolution
		Debug|Any CPU = Debug|Any CPU
		Release|Any CPU = Release|Any CPU
	EndGlobalSection
	GlobalSection(ProjectConfigurationPlatforms) = postSolution
		{146B1D33-2A39-473C-86FA-57A174A9D1A8}.Debug|Any CPU.ActiveCfg = Debug|Any CPU
		{146B1D33-2A39-473C-86FA-57A174A9D1A8}.Debug|Any CPU.Build.0 = Debug|Any CPU
		{146B1D33-2A39-473C-86FA-57A174A9D1A8}.Release|Any CPU.ActiveCfg = Release|Any CPU
		{146B1D33-2A39-473C-86FA-57A174A9D1A8}.Release|Any CPU.Build.0 = Release|Any CPU
		{1572A626-5BCB-46B9-A7F0-B1F27CA2A1A5}.Debug|Any CPU.ActiveCfg = Debug|Any CPU
		{1572A626-5BCB-46B9-A7F0-B1F27CA2A1A5}.Debug|Any CPU.Build.0 = Debug|Any CPU
		{1572A626-5BCB-46B9-A7F0-B1F27CA2A1A5}.Release|Any CPU.ActiveCfg = Release|Any CPU
		{1572A626-5BCB-46B9-A7F0-B1F27CA2A1A5}.Release|Any CPU.Build.0 = Release|Any CPU
		{AA25935E-E73F-4488-9154-F096D736B33D}.Debug|Any CPU.ActiveCfg = Debug|Any CPU
		{AA25935E-E73F-4488-9154-F096D736B33D}.Debug|Any CPU.Build.0 = Debug|Any CPU
		{AA25935E-E73F-4488-9154-F096D736B33D}.Release|Any CPU.ActiveCfg = Release|Any CPU
		{AA25935E-E73F-4488-9154-F096D736B33D}.Release|Any CPU.Build.0 = Release|Any CPU
	EndGlobalSection
	GlobalSection(SolutionProperties) = preSolution
		HideSolutionNode = FALSE
	EndGlobalSection
	GlobalSection(ExtensibilityGlobals) = postSolution
		SolutionGuid = {5EA5296D-AA04-47E2-911F-160E6BE22440}
	EndGlobalSection
EndGlobal
